
Microsoft Visual Studio Solution File, Format Version 12.00
# Visual Studio Version 16
VisualStudioVersion = 16.0.31624.102
MinimumVisualStudioVersion = 10.0.40219.1
Project("{FAE04EC0-301F-11D3-BF4B-00C04F79EFBC}") = "PVU Tools", "PVU Tools\PVU Tools.csproj", "{1E414667-98AC-4324-B97C-20172ADEBAFA}"
EndProject
Project("{FAE04EC0-301F-11D3-BF4B-00C04F79EFBC}") = "NLogWrapper", "NLogWrapper\NLogWrapper.csproj", "{BE11B154-B716-4EDE-A896-D4B9D5D79402}"
EndProject
Global
	GlobalSection(SolutionConfigurationPlatforms) = preSolution
		Debug|Any CPU = Debug|Any CPU
		Release|Any CPU = Release|Any CPU
	EndGlobalSection
	GlobalSection(ProjectConfigurationPlatforms) = postSolution
		{1E414667-98AC-4324-B97C-20172ADEBAFA}.Debug|Any CPU.ActiveCfg = Debug|Any CPU
		{1E414667-98AC-4324-B97C-20172ADEBAFA}.Debug|Any CPU.Build.0 = Debug|Any CPU
		{1E414667-98AC-4324-B97C-20172ADEBAFA}.Release|Any CPU.ActiveCfg = Release|Any CPU
		{1E414667-98AC-4324-B97C-20172ADEBAFA}.Release|Any CPU.Build.0 = Release|Any CPU
		{BE11B154-B716-4EDE-A896-D4B9D5D79402}.Debug|Any CPU.ActiveCfg = Debug|Any CPU
		{BE11B154-B716-4EDE-A896-D4B9D5D79402}.Debug|Any CPU.Build.0 = Debug|Any CPU
		{BE11B154-B716-4EDE-A896-D4B9D5D79402}.Release|Any CPU.ActiveCfg = Release|Any CPU
		{BE11B154-B716-4EDE-A896-D4B9D5D79402}.Release|Any CPU.Build.0 = Release|Any CPU
	EndGlobalSection
	GlobalSection(SolutionProperties) = preSolution
		HideSolutionNode = FALSE
	EndGlobalSection
	GlobalSection(ExtensibilityGlobals) = postSolution
		SolutionGuid = {0E91BB99-649A-4765-B0C6-01AC8C72C5A8}
	EndGlobalSection
EndGlobal
